
Microsoft Visual Studio Solution File, Format Version 12.00
# Visual Studio Version 17
VisualStudioVersion = 17.13.35913.81 d17.13
MinimumVisualStudioVersion = 10.0.40219.1
Project("{FAE04EC0-301F-11D3-BF4B-00C04F79EFBC}") = "StudentManagementSystem.App", "StudentManagementSystem\StudentManagementSystem.App.csproj", "{DB1653CE-D9D9-4A3D-B17D-3D0E07F15F0C}"
EndProject
Global
	GlobalSection(SolutionConfigurationPlatforms) = preSolution
		Debug|Any CPU = Debug|Any CPU
		Release|Any CPU = Release|Any CPU
	EndGlobalSection
	GlobalSection(ProjectConfigurationPlatforms) = postSolution
		{DB1653CE-D9D9-4A3D-B17D-3D0E07F15F0C}.Debug|Any CPU.ActiveCfg = Debug|Any CPU
		{DB1653CE-D9D9-4A3D-B17D-3D0E07F15F0C}.Debug|Any CPU.Build.0 = Debug|Any CPU
		{DB1653CE-D9D9-4A3D-B17D-3D0E07F15F0C}.Release|Any CPU.ActiveCfg = Release|Any CPU
		{DB1653CE-D9D9-4A3D-B17D-3D0E07F15F0C}.Release|Any CPU.Build.0 = Release|Any CPU
	EndGlobalSection
	GlobalSection(SolutionProperties) = preSolution
		HideSolutionNode = FALSE
	EndGlobalSection
	GlobalSection(ExtensibilityGlobals) = postSolution
		SolutionGuid = {48B08992-AABE-4C95-B92E-37319F13A791}
	EndGlobalSection
EndGlobal
